
Microsoft Visual Studio Solution File, Format Version 12.00
# Visual Studio 15
VisualStudioVersion = 15.0.27130.2036
MinimumVisualStudioVersion = 10.0.40219.1
Project("{FAE04EC0-301F-11D3-BF4B-00C04F79EFBC}") = "Multas", "Multas1\Multas.csproj", "{109D048A-0211-4FA1-A3A9-431D1F5E40D1}"
EndProject
Global
	GlobalSection(SolutionConfigurationPlatforms) = preSolution
		Debug|Any CPU = Debug|Any CPU
		Release|Any CPU = Release|Any CPU
	EndGlobalSection
	GlobalSection(ProjectConfigurationPlatforms) = postSolution
		{109D048A-0211-4FA1-A3A9-431D1F5E40D1}.Debug|Any CPU.ActiveCfg = Debug|Any CPU
		{109D048A-0211-4FA1-A3A9-431D1F5E40D1}.Debug|Any CPU.Build.0 = Debug|Any CPU
		{109D048A-0211-4FA1-A3A9-431D1F5E40D1}.Release|Any CPU.ActiveCfg = Release|Any CPU
		{109D048A-0211-4FA1-A3A9-431D1F5E40D1}.Release|Any CPU.Build.0 = Release|Any CPU
	EndGlobalSection
	GlobalSection(SolutionProperties) = preSolution
		HideSolutionNode = FALSE
	EndGlobalSection
	GlobalSection(ExtensibilityGlobals) = postSolution
		SolutionGuid = {D942A2E5-2DD9-4594-9F27-4D7EF99BE39B}
	EndGlobalSection
EndGlobal
